
Microsoft Visual Studio Solution File, Format Version 12.00
# Visual Studio Version 17
VisualStudioVersion = 17.9.34607.119
MinimumVisualStudioVersion = 10.0.40219.1
Project("{FAE04EC0-301F-11D3-BF4B-00C04F79EFBC}") = "E-Commerce.Api", "E-Commerce.Api\E-Commerce.Api.csproj", "{EAC9B29B-BC24-4297-A663-A729F7CFDDF1}"
EndProject
Project("{FAE04EC0-301F-11D3-BF4B-00C04F79EFBC}") = "E-Commerce.DataAccess", "E-Commerce.DataAccess\E-Commerce.DataAccess.csproj", "{DDEB1968-527F-41FA-9155-B83DF4919645}"
EndProject
Project("{FAE04EC0-301F-11D3-BF4B-00C04F79EFBC}") = "E-Commerce.Entities", "E-Commerce.Entities\E-Commerce.Entities.csproj", "{203AC041-8CF8-4E52-822C-D350E3F98ADF}"
EndProject
Global
	GlobalSection(SolutionConfigurationPlatforms) = preSolution
		Debug|Any CPU = Debug|Any CPU
		Release|Any CPU = Release|Any CPU
	EndGlobalSection
	GlobalSection(ProjectConfigurationPlatforms) = postSolution
		{EAC9B29B-BC24-4297-A663-A729F7CFDDF1}.Debug|Any CPU.ActiveCfg = Debug|Any CPU
		{EAC9B29B-BC24-4297-A663-A729F7CFDDF1}.Debug|Any CPU.Build.0 = Debug|Any CPU
		{EAC9B29B-BC24-4297-A663-A729F7CFDDF1}.Release|Any CPU.ActiveCfg = Release|Any CPU
		{EAC9B29B-BC24-4297-A663-A729F7CFDDF1}.Release|Any CPU.Build.0 = Release|Any CPU
		{DDEB1968-527F-41FA-9155-B83DF4919645}.Debug|Any CPU.ActiveCfg = Debug|Any CPU
		{DDEB1968-527F-41FA-9155-B83DF4919645}.Debug|Any CPU.Build.0 = Debug|Any CPU
		{DDEB1968-527F-41FA-9155-B83DF4919645}.Release|Any CPU.ActiveCfg = Release|Any CPU
		{DDEB1968-527F-41FA-9155-B83DF4919645}.Release|Any CPU.Build.0 = Release|Any CPU
		{203AC041-8CF8-4E52-822C-D350E3F98ADF}.Debug|Any CPU.ActiveCfg = Debug|Any CPU
		{203AC041-8CF8-4E52-822C-D350E3F98ADF}.Debug|Any CPU.Build.0 = Debug|Any CPU
		{203AC041-8CF8-4E52-822C-D350E3F98ADF}.Release|Any CPU.ActiveCfg = Release|Any CPU
		{203AC041-8CF8-4E52-822C-D350E3F98ADF}.Release|Any CPU.Build.0 = Release|Any CPU
	EndGlobalSection
	GlobalSection(SolutionProperties) = preSolution
		HideSolutionNode = FALSE
	EndGlobalSection
	GlobalSection(ExtensibilityGlobals) = postSolution
		SolutionGuid = {7F417539-DFDE-48D2-A0BC-B84A31344A07}
	EndGlobalSection
EndGlobal
